
Microsoft Visual Studio Solution File, Format Version 12.00
# Visual Studio Version 17
VisualStudioVersion = 17.5.33414.496
MinimumVisualStudioVersion = 10.0.40219.1
Project("{FAE04EC0-301F-11D3-BF4B-00C04F79EFBC}") = "Project-90-API", "Project-90-API.csproj", "{49DD3FCB-0C98-4F72-94FE-F2AAFF762D55}"
EndProject
Global
	GlobalSection(SolutionConfigurationPlatforms) = preSolution
		Debug|Any CPU = Debug|Any CPU
		Release|Any CPU = Release|Any CPU
	EndGlobalSection
	GlobalSection(ProjectConfigurationPlatforms) = postSolution
		{49DD3FCB-0C98-4F72-94FE-F2AAFF762D55}.Debug|Any CPU.ActiveCfg = Debug|Any CPU
		{49DD3FCB-0C98-4F72-94FE-F2AAFF762D55}.Debug|Any CPU.Build.0 = Debug|Any CPU
		{49DD3FCB-0C98-4F72-94FE-F2AAFF762D55}.Release|Any CPU.ActiveCfg = Release|Any CPU
		{49DD3FCB-0C98-4F72-94FE-F2AAFF762D55}.Release|Any CPU.Build.0 = Release|Any CPU
	EndGlobalSection
	GlobalSection(SolutionProperties) = preSolution
		HideSolutionNode = FALSE
	EndGlobalSection
	GlobalSection(ExtensibilityGlobals) = postSolution
		SolutionGuid = {91631423-0149-4CE1-8D69-F46A17392EB6}
	EndGlobalSection
EndGlobal
